
Microsoft Visual Studio Solution File, Format Version 12.00
# Visual Studio Version 16
VisualStudioVersion = 16.0.34601.136
MinimumVisualStudioVersion = 10.0.40219.1
Project("{8BC9CEB8-8B4A-11D0-8D11-00A0C91BC942}") = "SudokuGame", "SudokuGame\SudokuGame.vcxproj", "{380E1D99-E6B9-41D8-A201-2A19AA6ECAA8}"
EndProject
Global
	GlobalSection(SolutionConfigurationPlatforms) = preSolution
		Debug|x64 = Debug|x64
		Debug|x86 = Debug|x86
		Release|x64 = Release|x64
		Release|x86 = Release|x86
	EndGlobalSection
	GlobalSection(ProjectConfigurationPlatforms) = postSolution
		{380E1D99-E6B9-41D8-A201-2A19AA6ECAA8}.Debug|x64.ActiveCfg = Debug|x64
		{380E1D99-E6B9-41D8-A201-2A19AA6ECAA8}.Debug|x64.Build.0 = Debug|x64
		{380E1D99-E6B9-41D8-A201-2A19AA6ECAA8}.Debug|x86.ActiveCfg = Debug|Win32
		{380E1D99-E6B9-41D8-A201-2A19AA6ECAA8}.Debug|x86.Build.0 = Debug|Win32
		{380E1D99-E6B9-41D8-A201-2A19AA6ECAA8}.Release|x64.ActiveCfg = Release|x64
		{380E1D99-E6B9-41D8-A201-2A19AA6ECAA8}.Release|x64.Build.0 = Release|x64
		{380E1D99-E6B9-41D8-A201-2A19AA6ECAA8}.Release|x86.ActiveCfg = Release|Win32
		{380E1D99-E6B9-41D8-A201-2A19AA6ECAA8}.Release|x86.Build.0 = Release|Win32
	EndGlobalSection
	GlobalSection(SolutionProperties) = preSolution
		HideSolutionNode = FALSE
	EndGlobalSection
	GlobalSection(ExtensibilityGlobals) = postSolution
		SolutionGuid = {0530DDBA-9430-4CF1-8D1B-5245494B3230}
	EndGlobalSection
EndGlobal
